
Microsoft Visual Studio Solution File, Format Version 12.00
# Visual Studio Version 17
VisualStudioVersion = 17.11.35219.272
MinimumVisualStudioVersion = 10.0.40219.1
Project("{FAE04EC0-301F-11D3-BF4B-00C04F79EFBC}") = "Ejercicio2", "Ejercicio2\Ejercicio2.csproj", "{05DE1783-6ED7-43BF-B71D-BF23CABBC5CA}"
EndProject
Global
	GlobalSection(SolutionConfigurationPlatforms) = preSolution
		Debug|Any CPU = Debug|Any CPU
		Release|Any CPU = Release|Any CPU
	EndGlobalSection
	GlobalSection(ProjectConfigurationPlatforms) = postSolution
		{05DE1783-6ED7-43BF-B71D-BF23CABBC5CA}.Debug|Any CPU.ActiveCfg = Debug|Any CPU
		{05DE1783-6ED7-43BF-B71D-BF23CABBC5CA}.Debug|Any CPU.Build.0 = Debug|Any CPU
		{05DE1783-6ED7-43BF-B71D-BF23CABBC5CA}.Release|Any CPU.ActiveCfg = Release|Any CPU
		{05DE1783-6ED7-43BF-B71D-BF23CABBC5CA}.Release|Any CPU.Build.0 = Release|Any CPU
	EndGlobalSection
	GlobalSection(SolutionProperties) = preSolution
		HideSolutionNode = FALSE
	EndGlobalSection
	GlobalSection(ExtensibilityGlobals) = postSolution
		SolutionGuid = {F9896630-56F2-4202-A339-452BA273FB4E}
	EndGlobalSection
EndGlobal
